
Microsoft Visual Studio Solution File, Format Version 12.00
# Visual Studio Version 16
VisualStudioVersion = 16.0.32106.194
MinimumVisualStudioVersion = 10.0.40219.1
Project("{FAE04EC0-301F-11D3-BF4B-00C04F79EFBC}") = "GameEngine", "GameEngine\GameEngine.csproj", "{125B445D-9A43-4BD5-8B7E-FC944F8E577C}"
EndProject
Global
	GlobalSection(SolutionConfigurationPlatforms) = preSolution
		Debug|Any CPU = Debug|Any CPU
		Release|Any CPU = Release|Any CPU
	EndGlobalSection
	GlobalSection(ProjectConfigurationPlatforms) = postSolution
		{125B445D-9A43-4BD5-8B7E-FC944F8E577C}.Debug|Any CPU.ActiveCfg = Debug|Any CPU
		{125B445D-9A43-4BD5-8B7E-FC944F8E577C}.Debug|Any CPU.Build.0 = Debug|Any CPU
		{125B445D-9A43-4BD5-8B7E-FC944F8E577C}.Release|Any CPU.ActiveCfg = Release|Any CPU
		{125B445D-9A43-4BD5-8B7E-FC944F8E577C}.Release|Any CPU.Build.0 = Release|Any CPU
	EndGlobalSection
	GlobalSection(SolutionProperties) = preSolution
		HideSolutionNode = FALSE
	EndGlobalSection
	GlobalSection(ExtensibilityGlobals) = postSolution
		SolutionGuid = {075B148D-44D8-4DD2-A825-A576A397A3A2}
	EndGlobalSection
EndGlobal
